{
  "name": "graphql",
  "lockfileVersion": 2,
  "requires": true,
  "packages": {
    "": {
      "dependencies": {
        "frappe-charts": "^1.6.2",
        "zingchart": "^2.9.10"
      }
    },
    "node_modules/frappe-charts": {
      "version": "1.6.2",
      "resolved": "https://registry.npmjs.org/frappe-charts/-/frappe-charts-1.6.2.tgz",
      "integrity": "sha512-9TC3/+YVUi84yYoEbxFiSqu+1FQ5If/ydUNj6i8FRpwynd08t6a7RkS+IRJozAk6NfdL8/LVTTE1DUOjjKZZxg=="
    },
    "node_modules/zingchart": {
      "version": "2.9.10",
      "resolved": "https://registry.npmjs.org/zingchart/-/zingchart-2.9.10.tgz",
      "integrity": "sha512-7VOdBwCu+fs2smplzcHEXUlKeQDE2HZfwsFMDU11GoAHZtFkc1x9cTJEYYlXjNN2WlJG1GAV8L5rnvYag4ed8g=="
    }
  },
  "dependencies": {
    "frappe-charts": {
      "version": "1.6.2",
      "resolved": "https://registry.npmjs.org/frappe-charts/-/frappe-charts-1.6.2.tgz",
      "integrity": "sha512-9TC3/+YVUi84yYoEbxFiSqu+1FQ5If/ydUNj6i8FRpwynd08t6a7RkS+IRJozAk6NfdL8/LVTTE1DUOjjKZZxg=="
    },
    "zingchart": {
      "version": "2.9.10",
      "resolved": "https://registry.npmjs.org/zingchart/-/zingchart-2.9.10.tgz",
      "integrity": "sha512-7VOdBwCu+fs2smplzcHEXUlKeQDE2HZfwsFMDU11GoAHZtFkc1x9cTJEYYlXjNN2WlJG1GAV8L5rnvYag4ed8g=="
    }
  }
}
